
Microsoft Visual Studio Solution File, Format Version 12.00
# Visual Studio Version 16
VisualStudioVersion = 16.0.31727.386
MinimumVisualStudioVersion = 10.0.40219.1
Project("{FAE04EC0-301F-11D3-BF4B-00C04F79EFBC}") = "DesingPatterns", "DesingPatterns\DesingPatterns.csproj", "{4548BA07-332B-4A70-90A1-7455E55F9344}"
EndProject
Project("{FAE04EC0-301F-11D3-BF4B-00C04F79EFBC}") = "PatternsSingleton", "PatternsSingleton\PatternsSingleton.csproj", "{89D4CB56-7A06-422B-AB2A-839648B4C8F0}"
EndProject
Project("{FAE04EC0-301F-11D3-BF4B-00C04F79EFBC}") = "Tools", "Tools\Tools.csproj", "{2673FD9C-DE06-486D-B27F-C80D8F27E9B6}"
EndProject
Global
	GlobalSection(SolutionConfigurationPlatforms) = preSolution
		Debug|Any CPU = Debug|Any CPU
		Release|Any CPU = Release|Any CPU
	EndGlobalSection
	GlobalSection(ProjectConfigurationPlatforms) = postSolution
		{4548BA07-332B-4A70-90A1-7455E55F9344}.Debug|Any CPU.ActiveCfg = Debug|Any CPU
		{4548BA07-332B-4A70-90A1-7455E55F9344}.Debug|Any CPU.Build.0 = Debug|Any CPU
		{4548BA07-332B-4A70-90A1-7455E55F9344}.Release|Any CPU.ActiveCfg = Release|Any CPU
		{4548BA07-332B-4A70-90A1-7455E55F9344}.Release|Any CPU.Build.0 = Release|Any CPU
		{89D4CB56-7A06-422B-AB2A-839648B4C8F0}.Debug|Any CPU.ActiveCfg = Debug|Any CPU
		{89D4CB56-7A06-422B-AB2A-839648B4C8F0}.Debug|Any CPU.Build.0 = Debug|Any CPU
		{89D4CB56-7A06-422B-AB2A-839648B4C8F0}.Release|Any CPU.ActiveCfg = Release|Any CPU
		{89D4CB56-7A06-422B-AB2A-839648B4C8F0}.Release|Any CPU.Build.0 = Release|Any CPU
		{2673FD9C-DE06-486D-B27F-C80D8F27E9B6}.Debug|Any CPU.ActiveCfg = Debug|Any CPU
		{2673FD9C-DE06-486D-B27F-C80D8F27E9B6}.Debug|Any CPU.Build.0 = Debug|Any CPU
		{2673FD9C-DE06-486D-B27F-C80D8F27E9B6}.Release|Any CPU.ActiveCfg = Release|Any CPU
		{2673FD9C-DE06-486D-B27F-C80D8F27E9B6}.Release|Any CPU.Build.0 = Release|Any CPU
	EndGlobalSection
	GlobalSection(SolutionProperties) = preSolution
		HideSolutionNode = FALSE
	EndGlobalSection
	GlobalSection(ExtensibilityGlobals) = postSolution
		SolutionGuid = {BFD9A407-9F03-4CF7-9968-EC0C9846E53A}
	EndGlobalSection
EndGlobal
